
Microsoft Visual Studio Solution File, Format Version 11.00
# Visual Web Developer Express 2010
Project("{FAE04EC0-301F-11D3-BF4B-00C04F79EFBC}") = "SubscriberSearch-net", "SubscriberSearch-net\SubscriberSearch-net.csproj", "{1128779C-F7EC-4F1A-93C8-D62FC785085D}"
EndProject
Global
	GlobalSection(SolutionConfigurationPlatforms) = preSolution
		Debug|Any CPU = Debug|Any CPU
		Release|Any CPU = Release|Any CPU
	EndGlobalSection
	GlobalSection(ProjectConfigurationPlatforms) = postSolution
		{1128779C-F7EC-4F1A-93C8-D62FC785085D}.Debug|Any CPU.ActiveCfg = Debug|Any CPU
		{1128779C-F7EC-4F1A-93C8-D62FC785085D}.Debug|Any CPU.Build.0 = Debug|Any CPU
		{1128779C-F7EC-4F1A-93C8-D62FC785085D}.Release|Any CPU.ActiveCfg = Release|Any CPU
		{1128779C-F7EC-4F1A-93C8-D62FC785085D}.Release|Any CPU.Build.0 = Release|Any CPU
	EndGlobalSection
	GlobalSection(SolutionProperties) = preSolution
		HideSolutionNode = FALSE
	EndGlobalSection
EndGlobal
